lockfileVersion: '9.0'

settings:
  autoInstallPeers: true
  excludeLinksFromLockfile: false

importers:

  .:
    dependencies:
      js-sdsl:
        specifier: ^4.4.2
        version: 4.4.2

packages:

  js-sdsl@4.4.2:
    resolution: {integrity: sha512-dwXFwByc/ajSV6m5bcKAPwe4yDDF6D614pxmIi5odytzxRlwqF6nwoiCek80Ixc7Cvma5awClxrzFtxCQvcM8w==}

snapshots:

  js-sdsl@4.4.2: {}
