lockfileVersion: '6.0'

settings:
  autoInstallPeers: true
  excludeLinksFromLockfile: false

devDependencies:
  '@swc-node/register':
    specifier: ^1.6.8
    version: 1.6.8(@swc/core@1.3.93)(typescript@5.2.2)
  '@tsconfig/node-lts':
    specifier: ^18.12.5
    version: 18.12.5
  '@tsconfig/strictest':
    specifier: ^2.0.2
    version: 2.0.2
  '@types/node':
    specifier: ^20.8.6
    version: 20.8.6
  typescript:
    specifier: ^5.2.2
    version: 5.2.2

packages:

  /@swc-node/core@1.10.6(@swc/core@1.3.93):
    resolution: {integrity: sha512-lDIi/rPosmKIknWzvs2/Fi9zWRtbkx8OJ9pQaevhsoGzJSal8Pd315k1W5AIrnknfdAB4HqRN12fk6AhqnrEEw==}
    engines: {node: '>= 10'}
    peerDependencies:
      '@swc/core': '>= 1.3'
    dependencies:
      '@swc/core': 1.3.93
    dev: true

  /@swc-node/register@1.6.8(@swc/core@1.3.93)(typescript@5.2.2):
    resolution: {integrity: sha512-74ijy7J9CWr1Z88yO+ykXphV29giCrSpANQPQRooE0bObpkTO1g4RzQovIfbIaniBiGDDVsYwDoQ3FIrCE8HcQ==}
    peerDependencies:
      '@swc/core': '>= 1.3'
      typescript: '>= 4.3'
    dependencies:
      '@swc-node/core': 1.10.6(@swc/core@1.3.93)
      '@swc-node/sourcemap-support': 0.3.0
      '@swc/core': 1.3.93
      colorette: 2.0.20
      debug: 4.3.4
      pirates: 4.0.6
      tslib: 2.6.2
      typescript: 5.2.2
    transitivePeerDependencies:
      - supports-color
    dev: true

  /@swc-node/sourcemap-support@0.3.0:
    resolution: {integrity: sha512-gqBJSmJMWomZFxlppaKea7NeAqFrDrrS0RMt24No92M3nJWcyI9YKGEQKl+EyJqZ5gh6w1s0cTklMHMzRwA1NA==}
    dependencies:
      source-map-support: 0.5.21
      tslib: 2.6.2
    dev: true

  /@swc/core-darwin-arm64@1.3.93:
    resolution: {integrity: sha512-gEKgk7FVIgltnIfDO6GntyuQBBlAYg5imHpRgLxB1zSI27ijVVkksc6QwISzFZAhKYaBWIsFSVeL9AYSziAF7A==}
    engines: {node: '>=10'}
    cpu: [arm64]
    os: [darwin]
    requiresBuild: true
    dev: true
    optional: true

  /@swc/core-darwin-x64@1.3.93:
    resolution: {integrity: sha512-ZQPxm/fXdDQtn3yrYSL/gFfA8OfZ5jTi33yFQq6vcg/Y8talpZ+MgdSlYM0FkLrZdMTYYTNFiuBQuuvkA+av+Q==}
    engines: {node: '>=10'}
    cpu: [x64]
    os: [darwin]
    requiresBuild: true
    dev: true
    optional: true

  /@swc/core-linux-arm-gnueabihf@1.3.93:
    resolution: {integrity: sha512-OYFMMI2yV+aNe3wMgYhODxHdqUB/jrK0SEMHHS44GZpk8MuBXEF+Mcz4qjkY5Q1EH7KVQqXb/gVWwdgTHpjM2A==}
    engines: {node: '>=10'}
    cpu: [arm]
    os: [linux]
    requiresBuild: true
    dev: true
    optional: true

  /@swc/core-linux-arm64-gnu@1.3.93:
    resolution: {integrity: sha512-BT4dT78odKnJMNiq5HdjBsv29CiIdcCcImAPxeFqAeFw1LL6gh9nzI8E96oWc+0lVT5lfhoesCk4Qm7J6bty8w==}
    engines: {node: '>=10'}
    cpu: [arm64]
    os: [linux]
    requiresBuild: true
    dev: true
    optional: true

  /@swc/core-linux-arm64-musl@1.3.93:
    resolution: {integrity: sha512-yH5fWEl1bktouC0mhh0Chuxp7HEO4uCtS/ly1Vmf18gs6wZ8DOOkgAEVv2dNKIryy+Na++ljx4Ym7C8tSJTrLw==}
    engines: {node: '>=10'}
    cpu: [arm64]
    os: [linux]
    requiresBuild: true
    dev: true
    optional: true

  /@swc/core-linux-x64-gnu@1.3.93:
    resolution: {integrity: sha512-OFUdx64qvrGJhXKEyxosHxgoUVgba2ztYh7BnMiU5hP8lbI8G13W40J0SN3CmFQwPP30+3oEbW7LWzhKEaYjlg==}
    engines: {node: '>=10'}
    cpu: [x64]
    os: [linux]
    requiresBuild: true
    dev: true
    optional: true

  /@swc/core-linux-x64-musl@1.3.93:
    resolution: {integrity: sha512-4B8lSRwEq1XYm6xhxHhvHmKAS7pUp1Q7E33NQ2TlmFhfKvCOh86qvThcjAOo57x8DRwmpvEVrqvpXtYagMN6Ig==}
    engines: {node: '>=10'}
    cpu: [x64]
    os: [linux]
    requiresBuild: true
    dev: true
    optional: true

  /@swc/core-win32-arm64-msvc@1.3.93:
    resolution: {integrity: sha512-BHShlxtkven8ZjjvZ5QR6sC5fZCJ9bMujEkiha6W4cBUTY7ce7qGFyHmQd+iPC85d9kD/0cCiX/Xez8u0BhO7w==}
    engines: {node: '>=10'}
    cpu: [arm64]
    os: [win32]
    requiresBuild: true
    dev: true
    optional: true

  /@swc/core-win32-ia32-msvc@1.3.93:
    resolution: {integrity: sha512-nEwNWnz4JzYAK6asVvb92yeylfxMYih7eMQOnT7ZVlZN5ba9WF29xJ6kcQKs9HRH6MvWhz9+wRgv3FcjlU6HYA==}
    engines: {node: '>=10'}
    cpu: [ia32]
    os: [win32]
    requiresBuild: true
    dev: true
    optional: true

  /@swc/core-win32-x64-msvc@1.3.93:
    resolution: {integrity: sha512-jibQ0zUr4kwJaQVwgmH+svS04bYTPnPw/ZkNInzxS+wFAtzINBYcU8s2PMWbDb2NGYiRSEeoSGyAvS9H+24JFA==}
    engines: {node: '>=10'}
    cpu: [x64]
    os: [win32]
    requiresBuild: true
    dev: true
    optional: true

  /@swc/core@1.3.93:
    resolution: {integrity: sha512-690GRr1wUGmGYZHk7fUduX/JUwViMF2o74mnZYIWEcJaCcd9MQfkhsxPBtjeg6tF+h266/Cf3RPYhsFBzzxXcA==}
    engines: {node: '>=10'}
    requiresBuild: true
    peerDependencies:
      '@swc/helpers': ^0.5.0
    peerDependenciesMeta:
      '@swc/helpers':
        optional: true
    dependencies:
      '@swc/counter': 0.1.2
      '@swc/types': 0.1.5
    optionalDependencies:
      '@swc/core-darwin-arm64': 1.3.93
      '@swc/core-darwin-x64': 1.3.93
      '@swc/core-linux-arm-gnueabihf': 1.3.93
      '@swc/core-linux-arm64-gnu': 1.3.93
      '@swc/core-linux-arm64-musl': 1.3.93
      '@swc/core-linux-x64-gnu': 1.3.93
      '@swc/core-linux-x64-musl': 1.3.93
      '@swc/core-win32-arm64-msvc': 1.3.93
      '@swc/core-win32-ia32-msvc': 1.3.93
      '@swc/core-win32-x64-msvc': 1.3.93
    dev: true

  /@swc/counter@0.1.2:
    resolution: {integrity: sha512-9F4ys4C74eSTEUNndnER3VJ15oru2NumfQxS8geE+f3eB5xvfxpWyqE5XlVnxb/R14uoXi6SLbBwwiDSkv+XEw==}
    dev: true

  /@swc/types@0.1.5:
    resolution: {integrity: sha512-myfUej5naTBWnqOCc/MdVOLVjXUXtIA+NpDrDBKJtLLg2shUjBu3cZmB/85RyitKc55+lUUyl7oRfLOvkr2hsw==}
    dev: true

  /@tsconfig/node-lts@18.12.5:
    resolution: {integrity: sha512-KJZX0kQ5FBv77WDVzmQ9y1dUjaJCNXAAz3LSsg5cMwH0AUijVdDQtII+IVprEXdb13U9GjVOBxBzyRvr/ozPxw==}
    dev: true

  /@tsconfig/strictest@2.0.2:
    resolution: {integrity: sha512-jt4jIsWKvUvuY6adJnQJlb/UR7DdjC8CjHI/OaSQruj2yX9/K6+KOvDt/vD6udqos/FUk5Op66CvYT7TBLYO5Q==}
    dev: true

  /@types/node@20.8.6:
    resolution: {integrity: sha512-eWO4K2Ji70QzKUqRy6oyJWUeB7+g2cRagT3T/nxYibYcT4y2BDL8lqolRXjTHmkZCdJfIPaY73KbJAZmcryxTQ==}
    dependencies:
      undici-types: 5.25.3
    dev: true

  /buffer-from@1.1.2:
    resolution: {integrity: sha512-E+XQCRwSbaaiChtv6k6Dwgc+bx+Bs6vuKJHHl5kox/BaKbhiXzqQOwK4cO22yElGp2OCmjwVhT3HmxgyPGnJfQ==}
    dev: true

  /colorette@2.0.20:
    resolution: {integrity: sha512-IfEDxwoWIjkeXL1eXcDiow4UbKjhLdq6/EuSVR9GMN7KVH3r9gQ83e73hsz1Nd1T3ijd5xv1wcWRYO+D6kCI2w==}
    dev: true

  /debug@4.3.4:
    resolution: {integrity: sha512-PRWFHuSU3eDtQJPvnNY7Jcket1j0t5OuOsFzPPzsekD52Zl8qUfFIPEiswXqIvHWGVHOgX+7G/vCNNhehwxfkQ==}
    engines: {node: '>=6.0'}
    peerDependencies:
      supports-color: '*'
    peerDependenciesMeta:
      supports-color:
        optional: true
    dependencies:
      ms: 2.1.2
    dev: true

  /ms@2.1.2:
    resolution: {integrity: sha512-sGkPx+VjMtmA6MX27oA4FBFELFCZZ4S4XqeGOXCv68tT+jb3vk/RyaKWP0PTKyWtmLSM0b+adUTEvbs1PEaH2w==}
    dev: true

  /pirates@4.0.6:
    resolution: {integrity: sha512-saLsH7WeYYPiD25LDuLRRY/i+6HaPYr6G1OUlN39otzkSTxKnubR9RTxS3/Kk50s1g2JTgFwWQDQyplC5/SHZg==}
    engines: {node: '>= 6'}
    dev: true

  /source-map-support@0.5.21:
    resolution: {integrity: sha512-uBHU3L3czsIyYXKX88fdrGovxdSCoTGDRZ6SYXtSRxLZUzHg5P/66Ht6uoUlHu9EZod+inXhKo3qQgwXUT/y1w==}
    dependencies:
      buffer-from: 1.1.2
      source-map: 0.6.1
    dev: true

  /source-map@0.6.1:
    resolution: {integrity: sha512-UjgapumWlbMhkBgzT7Ykc5YXUT46F0iKu8SGXq0bcwP5dz/h0Plj6enJqjz1Zbq2l5WaqYnrVbwWOWMyF3F47g==}
    engines: {node: '>=0.10.0'}
    dev: true

  /tslib@2.6.2:
    resolution: {integrity: sha512-AEYxH93jGFPn/a2iVAwW87VuUIkR1FVUKB77NwMF7nBTDkDrrT/Hpt/IrCJ0QXhW27jTBDcf5ZY7w6RiqTMw2Q==}
    dev: true

  /typescript@5.2.2:
    resolution: {integrity: sha512-mI4WrpHsbCIcwT9cF4FZvr80QUeKvsUsUvKDoR+X/7XHQH98xYD8YHZg7ANtz2GtZt/CBq2QJ0thkGJMHfqc1w==}
    engines: {node: '>=14.17'}
    hasBin: true
    dev: true

  /undici-types@5.25.3:
    resolution: {integrity: sha512-Ga1jfYwRn7+cP9v8auvEXN1rX3sWqlayd4HP7OKk4mZWylEmu3KzXDUGrQUN6Ol7qo1gPvB2e5gX6udnyEPgdA==}
    dev: true
